
Microsoft Visual Studio Solution File, Format Version 12.00
# Visual Studio Version 16
VisualStudioVersion = 16.0.31321.278
MinimumVisualStudioVersion = 10.0.40219.1
Project("{FAE04EC0-301F-11D3-BF4B-00C04F79EFBC}") = "Examen2", "Examen2\Examen2.csproj", "{03536AAF-92D4-4C7F-93C6-04AD31D35ED5}"
EndProject
Global
	GlobalSection(SolutionConfigurationPlatforms) = preSolution
		Debug|Any CPU = Debug|Any CPU
		Release|Any CPU = Release|Any CPU
	EndGlobalSection
	GlobalSection(ProjectConfigurationPlatforms) = postSolution
		{03536AAF-92D4-4C7F-93C6-04AD31D35ED5}.Debug|Any CPU.ActiveCfg = Debug|Any CPU
		{03536AAF-92D4-4C7F-93C6-04AD31D35ED5}.Debug|Any CPU.Build.0 = Debug|Any CPU
		{03536AAF-92D4-4C7F-93C6-04AD31D35ED5}.Release|Any CPU.ActiveCfg = Release|Any CPU
		{03536AAF-92D4-4C7F-93C6-04AD31D35ED5}.Release|Any CPU.Build.0 = Release|Any CPU
	EndGlobalSection
	GlobalSection(SolutionProperties) = preSolution
		HideSolutionNode = FALSE
	EndGlobalSection
	GlobalSection(ExtensibilityGlobals) = postSolution
		SolutionGuid = {59B74A80-D8E0-4332-9D23-7208A0F868E3}
	EndGlobalSection
EndGlobal
